
Microsoft Visual Studio Solution File, Format Version 12.00
# Visual Studio 2012
Project("{FAE04EC0-301F-11D3-BF4B-00C04F79EFBC}") = "Moq.EntityFramework.Dangerous", "Moq.EntityFramework.Dangerous\Moq.EntityFramework.Dangerous.csproj", "{B3B751B1-3D1A-488F-9103-62067EFE6AAE}"
EndProject
Project("{FAE04EC0-301F-11D3-BF4B-00C04F79EFBC}") = "Moq.EntityFramework.Dangerous.Tests", "Moq.EntityFramework.Dangerous.Tests\Moq.EntityFramework.Dangerous.Tests.csproj", "{DC0264FB-835D-431D-BD71-C056F918A1A3}"
EndProject
Global
	GlobalSection(SolutionConfigurationPlatforms) = preSolution
		Debug|Any CPU = Debug|Any CPU
		Release|Any CPU = Release|Any CPU
	EndGlobalSection
	GlobalSection(ProjectConfigurationPlatforms) = postSolution
		{B3B751B1-3D1A-488F-9103-62067EFE6AAE}.Debug|Any CPU.ActiveCfg = Debug|Any CPU
		{B3B751B1-3D1A-488F-9103-62067EFE6AAE}.Debug|Any CPU.Build.0 = Debug|Any CPU
		{B3B751B1-3D1A-488F-9103-62067EFE6AAE}.Release|Any CPU.ActiveCfg = Release|Any CPU
		{B3B751B1-3D1A-488F-9103-62067EFE6AAE}.Release|Any CPU.Build.0 = Release|Any CPU
		{DC0264FB-835D-431D-BD71-C056F918A1A3}.Debug|Any CPU.ActiveCfg = Debug|Any CPU
		{DC0264FB-835D-431D-BD71-C056F918A1A3}.Debug|Any CPU.Build.0 = Debug|Any CPU
		{DC0264FB-835D-431D-BD71-C056F918A1A3}.Release|Any CPU.ActiveCfg = Release|Any CPU
		{DC0264FB-835D-431D-BD71-C056F918A1A3}.Release|Any CPU.Build.0 = Release|Any CPU
	EndGlobalSection
	GlobalSection(SolutionProperties) = preSolution
		HideSolutionNode = FALSE
	EndGlobalSection
EndGlobal
